{
  "name": "gitx",
  "version": "1.0.0",
  "lockfileVersion": 2,
  "requires": true,
  "packages": {
    "": {
      "name": "gitx",
      "version": "1.0.0",
      "license": "ISC",
      "dependencies": {
        "gitB": "git+https://e.coding.net/interval-yy/git/gitB.git",
        "gitC": "git+https://e.coding.net/interval-yy/git/gitC.git#2006121701"
      }
    },
    "node_modules/gitB": {
      "name": "gitb",
      "version": "1.0.0",
      "resolved": "git+https://e.coding.net/interval-yy/git/gitB.git#f064d4c72c19d7ae9be1e59402e3d935fd55e6a1",
      "license": "ISC"
    },
    "node_modules/gitC": {
      "name": "gitc",
      "version": "1.0.0",
      "resolved": "git+https://e.coding.net/interval-yy/git/gitC.git#f9956e2225b98bdf5255c7c396a198c77549f34e",
      "license": "ISC"
    }
  },
  "dependencies": {
    "gitB": {
      "version": "git+https://e.coding.net/interval-yy/git/gitB.git#f064d4c72c19d7ae9be1e59402e3d935fd55e6a1",
      "from": "gitB@git+https://e.coding.net/interval-yy/git/gitB.git"
    },
    "gitC": {
      "version": "git+https://e.coding.net/interval-yy/git/gitC.git#f9956e2225b98bdf5255c7c396a198c77549f34e",
      "from": "gitC@git+https://e.coding.net/interval-yy/git/gitC.git#2006121701"
    }
  }
}
